
Microsoft Visual Studio Solution File, Format Version 12.00
# Visual Studio Version 16
VisualStudioVersion = 16.0.30114.105
MinimumVisualStudioVersion = 10.0.40219.1
Project("{FAE04EC0-301F-11D3-BF4B-00C04F79EFBC}") = "WebAppNLayerBlog", "WebAppNLayerBlog\WebAppNLayerBlog.csproj", "{541532AB-640D-4D58-BA65-912BD3B4906D}"
EndProject
Global
	GlobalSection(SolutionConfigurationPlatforms) = preSolution
		Debug|Any CPU = Debug|Any CPU
		Release|Any CPU = Release|Any CPU
	EndGlobalSection
	GlobalSection(ProjectConfigurationPlatforms) = postSolution
		{541532AB-640D-4D58-BA65-912BD3B4906D}.Debug|Any CPU.ActiveCfg = Debug|Any CPU
		{541532AB-640D-4D58-BA65-912BD3B4906D}.Debug|Any CPU.Build.0 = Debug|Any CPU
		{541532AB-640D-4D58-BA65-912BD3B4906D}.Release|Any CPU.ActiveCfg = Release|Any CPU
		{541532AB-640D-4D58-BA65-912BD3B4906D}.Release|Any CPU.Build.0 = Release|Any CPU
	EndGlobalSection
	GlobalSection(SolutionProperties) = preSolution
		HideSolutionNode = FALSE
	EndGlobalSection
	GlobalSection(ExtensibilityGlobals) = postSolution
		SolutionGuid = {55FC6A23-2161-4929-ABAD-CC55887268A7}
	EndGlobalSection
EndGlobal
